
Microsoft Visual Studio Solution File, Format Version 12.00
# Visual Studio Version 17
VisualStudioVersion = 17.13.35931.197 d17.13
MinimumVisualStudioVersion = 10.0.40219.1
Project("{FAE04EC0-301F-11D3-BF4B-00C04F79EFBC}") = "Fyp", "Fyp.csproj", "{A3B1D817-09A0-E41E-053D-23C5ACADCF91}"
EndProject
Global
	GlobalSection(SolutionConfigurationPlatforms) = preSolution
		Debug|Any CPU = Debug|Any CPU
		Release|Any CPU = Release|Any CPU
	EndGlobalSection
	GlobalSection(ProjectConfigurationPlatforms) = postSolution
		{A3B1D817-09A0-E41E-053D-23C5ACADCF91}.Debug|Any CPU.ActiveCfg = Debug|Any CPU
		{A3B1D817-09A0-E41E-053D-23C5ACADCF91}.Debug|Any CPU.Build.0 = Debug|Any CPU
		{A3B1D817-09A0-E41E-053D-23C5ACADCF91}.Release|Any CPU.ActiveCfg = Release|Any CPU
		{A3B1D817-09A0-E41E-053D-23C5ACADCF91}.Release|Any CPU.Build.0 = Release|Any CPU
	EndGlobalSection
	GlobalSection(SolutionProperties) = preSolution
		HideSolutionNode = FALSE
	EndGlobalSection
	GlobalSection(ExtensibilityGlobals) = postSolution
		SolutionGuid = {91822DFE-E20B-4A02-B8A5-EA54EC655F01}
	EndGlobalSection
EndGlobal
